
Microsoft Visual Studio Solution File, Format Version 12.00
# Visual Studio 15
VisualStudioVersion = 15.0.27428.2005
MinimumVisualStudioVersion = 10.0.40219.1
Project("{FAE04EC0-301F-11D3-BF4B-00C04F79EFBC}") = "BaseXamarinForms.Android", "BaseXamarinForms\BaseXamarinForms.Android\BaseXamarinForms.Android.csproj", "{A36B8F2B-18C7-463D-81BD-FB192FF37320}"
EndProject
Project("{FAE04EC0-301F-11D3-BF4B-00C04F79EFBC}") = "BaseXamarinForms.iOS", "BaseXamarinForms\BaseXamarinForms.iOS\BaseXamarinForms.iOS.csproj", "{0A335D80-91B2-4927-A665-96364DCE14DA}"
EndProject
Project("{FAE04EC0-301F-11D3-BF4B-00C04F79EFBC}") = "BaseXamarinForms.UWP", "BaseXamarinForms\BaseXamarinForms.UWP\BaseXamarinForms.UWP.csproj", "{36CBC948-EED2-411A-B5C5-249898C81BAA}"
EndProject
Project("{FAE04EC0-301F-11D3-BF4B-00C04F79EFBC}") = "BaseXamarinForms", "BaseXamarinForms\BaseXamarinForms\BaseXamarinForms.csproj", "{C75AB651-05D9-4ECA-B424-34F0C4B7523D}"
EndProject
Global
	GlobalSection(SolutionConfigurationPlatforms) = preSolution
		Ad-Hoc|Any CPU = Ad-Hoc|Any CPU
		Ad-Hoc|ARM = Ad-Hoc|ARM
		Ad-Hoc|iPhone = Ad-Hoc|iPhone
		Ad-Hoc|iPhoneSimulator = Ad-Hoc|iPhoneSimulator
		Ad-Hoc|x64 = Ad-Hoc|x64
		Ad-Hoc|x86 = Ad-Hoc|x86
		AppStore|Any CPU = AppStore|Any CPU
		AppStore|ARM = AppStore|ARM
		AppStore|iPhone = AppStore|iPhone
		AppStore|iPhoneSimulator = AppStore|iPhoneSimulator
		AppStore|x64 = AppStore|x64
		AppStore|x86 = AppStore|x86
		Debug|Any CPU = Debug|Any CPU
		Debug|ARM = Debug|ARM
		Debug|iPhone = Debug|iPhone
		Debug|iPhoneSimulator = Debug|iPhoneSimulator
		Debug|x64 = Debug|x64
		Debug|x86 = Debug|x86
		Release|Any CPU = Release|Any CPU
		Release|ARM = Release|ARM
		Release|iPhone = Release|iPhone
		Release|iPhoneSimulator = Release|iPhoneSimulator
		Release|x64 = Release|x64
		Release|x86 = Release|x86
	EndGlobalSection
	GlobalSection(ProjectConfigurationPlatforms) = postSolution
		{A36B8F2B-18C7-463D-81BD-FB192FF37320}.Ad-Hoc|Any CPU.ActiveCfg = Release|Any CPU
		{A36B8F2B-18C7-463D-81BD-FB192FF37320}.Ad-Hoc|Any CPU.Build.0 = Release|Any CPU
		{A36B8F2B-18C7-463D-81BD-FB192FF37320}.Ad-Hoc|Any CPU.Deploy.0 = Release|Any CPU
		{A36B8F2B-18C7-463D-81BD-FB192FF37320}.Ad-Hoc|ARM.ActiveCfg = Release|Any CPU
		{A36B8F2B-18C7-463D-81BD-FB192FF37320}.Ad-Hoc|ARM.Build.0 = Release|Any CPU
		{A36B8F2B-18C7-463D-81BD-FB192FF37320}.Ad-Hoc|ARM.Deploy.0 = Release|Any CPU
		{A36B8F2B-18C7-463D-81BD-FB192FF37320}.Ad-Hoc|iPhone.ActiveCfg = Release|Any CPU
		{A36B8F2B-18C7-463D-81BD-FB192FF37320}.Ad-Hoc|iPhone.Build.0 = Release|Any CPU
		{A36B8F2B-18C7-463D-81BD-FB192FF37320}.Ad-Hoc|iPhone.Deploy.0 = Release|Any CPU
		{A36B8F2B-18C7-463D-81BD-FB192FF37320}.Ad-Hoc|iPhoneSimulator.ActiveCfg = Release|Any CPU
		{A36B8F2B-18C7-463D-81BD-FB192FF37320}.Ad-Hoc|iPhoneSimulator.Build.0 = Release|Any CPU
		{A36B8F2B-18C7-463D-81BD-FB192FF37320}.Ad-Hoc|iPhoneSimulator.Deploy.0 = Release|Any CPU
		{A36B8F2B-18C7-463D-81BD-FB192FF37320}.Ad-Hoc|x64.ActiveCfg = Release|Any CPU
		{A36B8F2B-18C7-463D-81BD-FB192FF37320}.Ad-Hoc|x64.Build.0 = Release|Any CPU
		{A36B8F2B-18C7-463D-81BD-FB192FF37320}.Ad-Hoc|x64.Deploy.0 = Release|Any CPU
		{A36B8F2B-18C7-463D-81BD-FB192FF37320}.Ad-Hoc|x86.ActiveCfg = Release|Any CPU
		{A36B8F2B-18C7-463D-81BD-FB192FF37320}.Ad-Hoc|x86.Build.0 = Release|Any CPU
		{A36B8F2B-18C7-463D-81BD-FB192FF37320}.Ad-Hoc|x86.Deploy.0 = Release|Any CPU
		{A36B8F2B-18C7-463D-81BD-FB192FF37320}.AppStore|Any CPU.ActiveCfg = Release|Any CPU
		{A36B8F2B-18C7-463D-81BD-FB192FF37320}.AppStore|Any CPU.Build.0 = Release|Any CPU
		{A36B8F2B-18C7-463D-81BD-FB192FF37320}.AppStore|Any CPU.Deploy.0 = Release|Any CPU
		{A36B8F2B-18C7-463D-81BD-FB192FF37320}.AppStore|ARM.ActiveCfg = Release|Any CPU
		{A36B8F2B-18C7-463D-81BD-FB192FF37320}.AppStore|ARM.Build.0 = Release|Any CPU
		{A36B8F2B-18C7-463D-81BD-FB192FF37320}.AppStore|ARM.Deploy.0 = Release|Any CPU
		{A36B8F2B-18C7-463D-81BD-FB192FF37320}.AppStore|iPhone.ActiveCfg = Release|Any CPU
		{A36B8F2B-18C7-463D-81BD-FB192FF37320}.AppStore|iPhone.Build.0 = Release|Any CPU
		{A36B8F2B-18C7-463D-81BD-FB192FF37320}.AppStore|iPhone.Deploy.0 = Release|Any CPU
		{A36B8F2B-18C7-463D-81BD-FB192FF37320}.AppStore|iPhoneSimulator.ActiveCfg = Release|Any CPU
		{A36B8F2B-18C7-463D-81BD-FB192FF37320}.AppStore|iPhoneSimulator.Build.0 = Release|Any CPU
		{A36B8F2B-18C7-463D-81BD-FB192FF37320}.AppStore|iPhoneSimulator.Deploy.0 = Release|Any CPU
		{A36B8F2B-18C7-463D-81BD-FB192FF37320}.AppStore|x64.ActiveCfg = Release|Any CPU
		{A36B8F2B-18C7-463D-81BD-FB192FF37320}.AppStore|x64.Build.0 = Release|Any CPU
		{A36B8F2B-18C7-463D-81BD-FB192FF37320}.AppStore|x64.Deploy.0 = Release|Any CPU
		{A36B8F2B-18C7-463D-81BD-FB192FF37320}.AppStore|x86.ActiveCfg = Release|Any CPU
		{A36B8F2B-18C7-463D-81BD-FB192FF37320}.AppStore|x86.Build.0 = Release|Any CPU
		{A36B8F2B-18C7-463D-81BD-FB192FF37320}.AppStore|x86.Deploy.0 = Release|Any CPU
		{A36B8F2B-18C7-463D-81BD-FB192FF37320}.Debug|Any CPU.ActiveCfg = Debug|Any CPU
		{A36B8F2B-18C7-463D-81BD-FB192FF37320}.Debug|Any CPU.Build.0 = Debug|Any CPU
		{A36B8F2B-18C7-463D-81BD-FB192FF37320}.Debug|Any CPU.Deploy.0 = Debug|Any CPU
		{A36B8F2B-18C7-463D-81BD-FB192FF37320}.Debug|ARM.ActiveCfg = Debug|Any CPU
		{A36B8F2B-18C7-463D-81BD-FB192FF37320}.Debug|ARM.Build.0 = Debug|Any CPU
		{A36B8F2B-18C7-463D-81BD-FB192FF37320}.Debug|ARM.Deploy.0 = Debug|Any CPU
		{A36B8F2B-18C7-463D-81BD-FB192FF37320}.Debug|iPhone.ActiveCfg = Debug|Any CPU
		{A36B8F2B-18C7-463D-81BD-FB192FF37320}.Debug|iPhone.Build.0 = Debug|Any CPU
		{A36B8F2B-18C7-463D-81BD-FB192FF37320}.Debug|iPhone.Deploy.0 = Debug|Any CPU
		{A36B8F2B-18C7-463D-81BD-FB192FF37320}.Debug|iPhoneSimulator.ActiveCfg = Debug|Any CPU
		{A36B8F2B-18C7-463D-81BD-FB192FF37320}.Debug|iPhoneSimulator.Build.0 = Debug|Any CPU
		{A36B8F2B-18C7-463D-81BD-FB192FF37320}.Debug|iPhoneSimulator.Deploy.0 = Debug|Any CPU
		{A36B8F2B-18C7-463D-81BD-FB192FF37320}.Debug|x64.ActiveCfg = Debug|Any CPU
		{A36B8F2B-18C7-463D-81BD-FB192FF37320}.Debug|x64.Build.0 = Debug|Any CPU
		{A36B8F2B-18C7-463D-81BD-FB192FF37320}.Debug|x64.Deploy.0 = Debug|Any CPU
		{A36B8F2B-18C7-463D-81BD-FB192FF37320}.Debug|x86.ActiveCfg = Debug|Any CPU
		{A36B8F2B-18C7-463D-81BD-FB192FF37320}.Debug|x86.Build.0 = Debug|Any CPU
		{A36B8F2B-18C7-463D-81BD-FB192FF37320}.Debug|x86.Deploy.0 = Debug|Any CPU
		{A36B8F2B-18C7-463D-81BD-FB192FF37320}.Release|Any CPU.ActiveCfg = Release|Any CPU
		{A36B8F2B-18C7-463D-81BD-FB192FF37320}.Release|Any CPU.Build.0 = Release|Any CPU
		{A36B8F2B-18C7-463D-81BD-FB192FF37320}.Release|Any CPU.Deploy.0 = Release|Any CPU
		{A36B8F2B-18C7-463D-81BD-FB192FF37320}.Release|ARM.ActiveCfg = Release|Any CPU
		{A36B8F2B-18C7-463D-81BD-FB192FF37320}.Release|ARM.Build.0 = Release|Any CPU
		{A36B8F2B-18C7-463D-81BD-FB192FF37320}.Release|ARM.Deploy.0 = Release|Any CPU
		{A36B8F2B-18C7-463D-81BD-FB192FF37320}.Release|iPhone.ActiveCfg = Release|Any CPU
		{A36B8F2B-18C7-463D-81BD-FB192FF37320}.Release|iPhone.Build.0 = Release|Any CPU
		{A36B8F2B-18C7-463D-81BD-FB192FF37320}.Release|iPhone.Deploy.0 = Release|Any CPU
		{A36B8F2B-18C7-463D-81BD-FB192FF37320}.Release|iPhoneSimulator.ActiveCfg = Release|Any CPU
		{A36B8F2B-18C7-463D-81BD-FB192FF37320}.Release|iPhoneSimulator.Build.0 = Release|Any CPU
		{A36B8F2B-18C7-463D-81BD-FB192FF37320}.Release|iPhoneSimulator.Deploy.0 = Release|Any CPU
		{A36B8F2B-18C7-463D-81BD-FB192FF37320}.Release|x64.ActiveCfg = Release|Any CPU
		{A36B8F2B-18C7-463D-81BD-FB192FF37320}.Release|x64.Build.0 = Release|Any CPU
		{A36B8F2B-18C7-463D-81BD-FB192FF37320}.Release|x64.Deploy.0 = Release|Any CPU
		{A36B8F2B-18C7-463D-81BD-FB192FF37320}.Release|x86.ActiveCfg = Release|Any CPU
		{A36B8F2B-18C7-463D-81BD-FB192FF37320}.Release|x86.Build.0 = Release|Any CPU
		{A36B8F2B-18C7-463D-81BD-FB192FF37320}.Release|x86.Deploy.0 = Release|Any CPU
		{0A335D80-91B2-4927-A665-96364DCE14DA}.Ad-Hoc|Any CPU.ActiveCfg = Ad-Hoc|iPhone
		{0A335D80-91B2-4927-A665-96364DCE14DA}.Ad-Hoc|ARM.ActiveCfg = Ad-Hoc|iPhone
		{0A335D80-91B2-4927-A665-96364DCE14DA}.Ad-Hoc|iPhone.ActiveCfg = Ad-Hoc|iPhone
		{0A335D80-91B2-4927-A665-96364DCE14DA}.Ad-Hoc|iPhone.Build.0 = Ad-Hoc|iPhone
		{0A335D80-91B2-4927-A665-96364DCE14DA}.Ad-Hoc|iPhoneSimulator.ActiveCfg = Ad-Hoc|iPhoneSimulator
		{0A335D80-91B2-4927-A665-96364DCE14DA}.Ad-Hoc|iPhoneSimulator.Build.0 = Ad-Hoc|iPhoneSimulator
		{0A335D80-91B2-4927-A665-96364DCE14DA}.Ad-Hoc|x64.ActiveCfg = Ad-Hoc|iPhone
		{0A335D80-91B2-4927-A665-96364DCE14DA}.Ad-Hoc|x86.ActiveCfg = Ad-Hoc|iPhone
		{0A335D80-91B2-4927-A665-96364DCE14DA}.AppStore|Any CPU.ActiveCfg = AppStore|iPhone
		{0A335D80-91B2-4927-A665-96364DCE14DA}.AppStore|ARM.ActiveCfg = AppStore|iPhone
		{0A335D80-91B2-4927-A665-96364DCE14DA}.AppStore|iPhone.ActiveCfg = AppStore|iPhone
		{0A335D80-91B2-4927-A665-96364DCE14DA}.AppStore|iPhone.Build.0 = AppStore|iPhone
		{0A335D80-91B2-4927-A665-96364DCE14DA}.AppStore|iPhoneSimulator.ActiveCfg = AppStore|iPhoneSimulator
		{0A335D80-91B2-4927-A665-96364DCE14DA}.AppStore|iPhoneSimulator.Build.0 = AppStore|iPhoneSimulator
		{0A335D80-91B2-4927-A665-96364DCE14DA}.AppStore|x64.ActiveCfg = AppStore|iPhone
		{0A335D80-91B2-4927-A665-96364DCE14DA}.AppStore|x86.ActiveCfg = AppStore|iPhone
		{0A335D80-91B2-4927-A665-96364DCE14DA}.Debug|Any CPU.ActiveCfg = Debug|iPhone
		{0A335D80-91B2-4927-A665-96364DCE14DA}.Debug|ARM.ActiveCfg = Debug|iPhone
		{0A335D80-91B2-4927-A665-96364DCE14DA}.Debug|iPhone.ActiveCfg = Debug|iPhone
		{0A335D80-91B2-4927-A665-96364DCE14DA}.Debug|iPhone.Build.0 = Debug|iPhone
		{0A335D80-91B2-4927-A665-96364DCE14DA}.Debug|iPhoneSimulator.ActiveCfg = Debug|iPhoneSimulator
		{0A335D80-91B2-4927-A665-96364DCE14DA}.Debug|iPhoneSimulator.Build.0 = Debug|iPhoneSimulator
		{0A335D80-91B2-4927-A665-96364DCE14DA}.Debug|x64.ActiveCfg = Debug|iPhone
		{0A335D80-91B2-4927-A665-96364DCE14DA}.Debug|x86.ActiveCfg = Debug|iPhone
		{0A335D80-91B2-4927-A665-96364DCE14DA}.Release|Any CPU.ActiveCfg = Release|iPhone
		{0A335D80-91B2-4927-A665-96364DCE14DA}.Release|ARM.ActiveCfg = Release|iPhone
		{0A335D80-91B2-4927-A665-96364DCE14DA}.Release|iPhone.ActiveCfg = Release|iPhone
		{0A335D80-91B2-4927-A665-96364DCE14DA}.Release|iPhone.Build.0 = Release|iPhone
		{0A335D80-91B2-4927-A665-96364DCE14DA}.Release|iPhoneSimulator.ActiveCfg = Release|iPhoneSimulator
		{0A335D80-91B2-4927-A665-96364DCE14DA}.Release|iPhoneSimulator.Build.0 = Release|iPhoneSimulator
		{0A335D80-91B2-4927-A665-96364DCE14DA}.Release|x64.ActiveCfg = Release|iPhone
		{0A335D80-91B2-4927-A665-96364DCE14DA}.Release|x86.ActiveCfg = Release|iPhone
		{36CBC948-EED2-411A-B5C5-249898C81BAA}.Ad-Hoc|Any CPU.ActiveCfg = Release|x86
		{36CBC948-EED2-411A-B5C5-249898C81BAA}.Ad-Hoc|Any CPU.Build.0 = Release|x86
		{36CBC948-EED2-411A-B5C5-249898C81BAA}.Ad-Hoc|Any CPU.Deploy.0 = Release|x86
		{36CBC948-EED2-411A-B5C5-249898C81BAA}.Ad-Hoc|ARM.ActiveCfg = Release|ARM
		{36CBC948-EED2-411A-B5C5-249898C81BAA}.Ad-Hoc|ARM.Build.0 = Release|ARM
		{36CBC948-EED2-411A-B5C5-249898C81BAA}.Ad-Hoc|ARM.Deploy.0 = Release|ARM
		{36CBC948-EED2-411A-B5C5-249898C81BAA}.Ad-Hoc|iPhone.ActiveCfg = Release|x86
		{36CBC948-EED2-411A-B5C5-249898C81BAA}.Ad-Hoc|iPhone.Build.0 = Release|x86
		{36CBC948-EED2-411A-B5C5-249898C81BAA}.Ad-Hoc|iPhone.Deploy.0 = Release|x86
		{36CBC948-EED2-411A-B5C5-249898C81BAA}.Ad-Hoc|iPhoneSimulator.ActiveCfg = Release|x86
		{36CBC948-EED2-411A-B5C5-249898C81BAA}.Ad-Hoc|iPhoneSimulator.Build.0 = Release|x86
		{36CBC948-EED2-411A-B5C5-249898C81BAA}.Ad-Hoc|iPhoneSimulator.Deploy.0 = Release|x86
		{36CBC948-EED2-411A-B5C5-249898C81BAA}.Ad-Hoc|x64.ActiveCfg = Release|x64
		{36CBC948-EED2-411A-B5C5-249898C81BAA}.Ad-Hoc|x64.Build.0 = Release|x64
		{36CBC948-EED2-411A-B5C5-249898C81BAA}.Ad-Hoc|x64.Deploy.0 = Release|x64
		{36CBC948-EED2-411A-B5C5-249898C81BAA}.Ad-Hoc|x86.ActiveCfg = Release|x86
		{36CBC948-EED2-411A-B5C5-249898C81BAA}.Ad-Hoc|x86.Build.0 = Release|x86
		{36CBC948-EED2-411A-B5C5-249898C81BAA}.Ad-Hoc|x86.Deploy.0 = Release|x86
		{36CBC948-EED2-411A-B5C5-249898C81BAA}.AppStore|Any CPU.ActiveCfg = Release|x86
		{36CBC948-EED2-411A-B5C5-249898C81BAA}.AppStore|Any CPU.Build.0 = Release|x86
		{36CBC948-EED2-411A-B5C5-249898C81BAA}.AppStore|Any CPU.Deploy.0 = Release|x86
		{36CBC948-EED2-411A-B5C5-249898C81BAA}.AppStore|ARM.ActiveCfg = Release|ARM
		{36CBC948-EED2-411A-B5C5-249898C81BAA}.AppStore|ARM.Build.0 = Release|ARM
		{36CBC948-EED2-411A-B5C5-249898C81BAA}.AppStore|ARM.Deploy.0 = Release|ARM
		{36CBC948-EED2-411A-B5C5-249898C81BAA}.AppStore|iPhone.ActiveCfg = Release|x86
		{36CBC948-EED2-411A-B5C5-249898C81BAA}.AppStore|iPhone.Build.0 = Release|x86
		{36CBC948-EED2-411A-B5C5-249898C81BAA}.AppStore|iPhone.Deploy.0 = Release|x86
		{36CBC948-EED2-411A-B5C5-249898C81BAA}.AppStore|iPhoneSimulator.ActiveCfg = Release|x86
		{36CBC948-EED2-411A-B5C5-249898C81BAA}.AppStore|iPhoneSimulator.Build.0 = Release|x86
		{36CBC948-EED2-411A-B5C5-249898C81BAA}.AppStore|iPhoneSimulator.Deploy.0 = Release|x86
		{36CBC948-EED2-411A-B5C5-249898C81BAA}.AppStore|x64.ActiveCfg = Release|x64
		{36CBC948-EED2-411A-B5C5-249898C81BAA}.AppStore|x64.Build.0 = Release|x64
		{36CBC948-EED2-411A-B5C5-249898C81BAA}.AppStore|x64.Deploy.0 = Release|x64
		{36CBC948-EED2-411A-B5C5-249898C81BAA}.AppStore|x86.ActiveCfg = Release|x86
		{36CBC948-EED2-411A-B5C5-249898C81BAA}.AppStore|x86.Build.0 = Release|x86
		{36CBC948-EED2-411A-B5C5-249898C81BAA}.AppStore|x86.Deploy.0 = Release|x86
		{36CBC948-EED2-411A-B5C5-249898C81BAA}.Debug|Any CPU.ActiveCfg = Debug|x86
		{36CBC948-EED2-411A-B5C5-249898C81BAA}.Debug|ARM.ActiveCfg = Debug|ARM
		{36CBC948-EED2-411A-B5C5-249898C81BAA}.Debug|ARM.Build.0 = Debug|ARM
		{36CBC948-EED2-411A-B5C5-249898C81BAA}.Debug|ARM.Deploy.0 = Debug|ARM
		{36CBC948-EED2-411A-B5C5-249898C81BAA}.Debug|iPhone.ActiveCfg = Debug|x86
		{36CBC948-EED2-411A-B5C5-249898C81BAA}.Debug|iPhoneSimulator.ActiveCfg = Debug|x86
		{36CBC948-EED2-411A-B5C5-249898C81BAA}.Debug|x64.ActiveCfg = Debug|x64
		{36CBC948-EED2-411A-B5C5-249898C81BAA}.Debug|x64.Build.0 = Debug|x64
		{36CBC948-EED2-411A-B5C5-249898C81BAA}.Debug|x64.Deploy.0 = Debug|x64
		{36CBC948-EED2-411A-B5C5-249898C81BAA}.Debug|x86.ActiveCfg = Debug|x86
		{36CBC948-EED2-411A-B5C5-249898C81BAA}.Debug|x86.Build.0 = Debug|x86
		{36CBC948-EED2-411A-B5C5-249898C81BAA}.Debug|x86.Deploy.0 = Debug|x86
		{36CBC948-EED2-411A-B5C5-249898C81BAA}.Release|Any CPU.ActiveCfg = Release|x86
		{36CBC948-EED2-411A-B5C5-249898C81BAA}.Release|ARM.ActiveCfg = Release|ARM
		{36CBC948-EED2-411A-B5C5-249898C81BAA}.Release|ARM.Build.0 = Release|ARM
		{36CBC948-EED2-411A-B5C5-249898C81BAA}.Release|ARM.Deploy.0 = Release|ARM
		{36CBC948-EED2-411A-B5C5-249898C81BAA}.Release|iPhone.ActiveCfg = Release|x86
		{36CBC948-EED2-411A-B5C5-249898C81BAA}.Release|iPhoneSimulator.ActiveCfg = Release|x86
		{36CBC948-EED2-411A-B5C5-249898C81BAA}.Release|x64.ActiveCfg = Release|x64
		{36CBC948-EED2-411A-B5C5-249898C81BAA}.Release|x64.Build.0 = Release|x64
		{36CBC948-EED2-411A-B5C5-249898C81BAA}.Release|x64.Deploy.0 = Release|x64
		{36CBC948-EED2-411A-B5C5-249898C81BAA}.Release|x86.ActiveCfg = Release|x86
		{36CBC948-EED2-411A-B5C5-249898C81BAA}.Release|x86.Build.0 = Release|x86
		{36CBC948-EED2-411A-B5C5-249898C81BAA}.Release|x86.Deploy.0 = Release|x86
		{C75AB651-05D9-4ECA-B424-34F0C4B7523D}.Ad-Hoc|Any CPU.ActiveCfg = Debug|Any CPU
		{C75AB651-05D9-4ECA-B424-34F0C4B7523D}.Ad-Hoc|Any CPU.Build.0 = Debug|Any CPU
		{C75AB651-05D9-4ECA-B424-34F0C4B7523D}.Ad-Hoc|ARM.ActiveCfg = Debug|Any CPU
		{C75AB651-05D9-4ECA-B424-34F0C4B7523D}.Ad-Hoc|ARM.Build.0 = Debug|Any CPU
		{C75AB651-05D9-4ECA-B424-34F0C4B7523D}.Ad-Hoc|iPhone.ActiveCfg = Debug|Any CPU
		{C75AB651-05D9-4ECA-B424-34F0C4B7523D}.Ad-Hoc|iPhone.Build.0 = Debug|Any CPU
		{C75AB651-05D9-4ECA-B424-34F0C4B7523D}.Ad-Hoc|iPhoneSimulator.ActiveCfg = Debug|Any CPU
		{C75AB651-05D9-4ECA-B424-34F0C4B7523D}.Ad-Hoc|iPhoneSimulator.Build.0 = Debug|Any CPU
		{C75AB651-05D9-4ECA-B424-34F0C4B7523D}.Ad-Hoc|x64.ActiveCfg = Debug|Any CPU
		{C75AB651-05D9-4ECA-B424-34F0C4B7523D}.Ad-Hoc|x64.Build.0 = Debug|Any CPU
		{C75AB651-05D9-4ECA-B424-34F0C4B7523D}.Ad-Hoc|x86.ActiveCfg = Debug|Any CPU
		{C75AB651-05D9-4ECA-B424-34F0C4B7523D}.Ad-Hoc|x86.Build.0 = Debug|Any CPU
		{C75AB651-05D9-4ECA-B424-34F0C4B7523D}.AppStore|Any CPU.ActiveCfg = Debug|Any CPU
		{C75AB651-05D9-4ECA-B424-34F0C4B7523D}.AppStore|Any CPU.Build.0 = Debug|Any CPU
		{C75AB651-05D9-4ECA-B424-34F0C4B7523D}.AppStore|ARM.ActiveCfg = Debug|Any CPU
		{C75AB651-05D9-4ECA-B424-34F0C4B7523D}.AppStore|ARM.Build.0 = Debug|Any CPU
		{C75AB651-05D9-4ECA-B424-34F0C4B7523D}.AppStore|iPhone.ActiveCfg = Debug|Any CPU
		{C75AB651-05D9-4ECA-B424-34F0C4B7523D}.AppStore|iPhone.Build.0 = Debug|Any CPU
		{C75AB651-05D9-4ECA-B424-34F0C4B7523D}.AppStore|iPhoneSimulator.ActiveCfg = Debug|Any CPU
		{C75AB651-05D9-4ECA-B424-34F0C4B7523D}.AppStore|iPhoneSimulator.Build.0 = Debug|Any CPU
		{C75AB651-05D9-4ECA-B424-34F0C4B7523D}.AppStore|x64.ActiveCfg = Debug|Any CPU
		{C75AB651-05D9-4ECA-B424-34F0C4B7523D}.AppStore|x64.Build.0 = Debug|Any CPU
		{C75AB651-05D9-4ECA-B424-34F0C4B7523D}.AppStore|x86.ActiveCfg = Debug|Any CPU
		{C75AB651-05D9-4ECA-B424-34F0C4B7523D}.AppStore|x86.Build.0 = Debug|Any CPU
		{C75AB651-05D9-4ECA-B424-34F0C4B7523D}.Debug|Any CPU.ActiveCfg = Debug|Any CPU
		{C75AB651-05D9-4ECA-B424-34F0C4B7523D}.Debug|Any CPU.Build.0 = Debug|Any CPU
		{C75AB651-05D9-4ECA-B424-34F0C4B7523D}.Debug|ARM.ActiveCfg = Debug|Any CPU
		{C75AB651-05D9-4ECA-B424-34F0C4B7523D}.Debug|ARM.Build.0 = Debug|Any CPU
		{C75AB651-05D9-4ECA-B424-34F0C4B7523D}.Debug|iPhone.ActiveCfg = Debug|Any CPU
		{C75AB651-05D9-4ECA-B424-34F0C4B7523D}.Debug|iPhone.Build.0 = Debug|Any CPU
		{C75AB651-05D9-4ECA-B424-34F0C4B7523D}.Debug|iPhoneSimulator.ActiveCfg = Debug|Any CPU
		{C75AB651-05D9-4ECA-B424-34F0C4B7523D}.Debug|iPhoneSimulator.Build.0 = Debug|Any CPU
		{C75AB651-05D9-4ECA-B424-34F0C4B7523D}.Debug|x64.ActiveCfg = Debug|Any CPU
		{C75AB651-05D9-4ECA-B424-34F0C4B7523D}.Debug|x64.Build.0 = Debug|Any CPU
		{C75AB651-05D9-4ECA-B424-34F0C4B7523D}.Debug|x86.ActiveCfg = Debug|Any CPU
		{C75AB651-05D9-4ECA-B424-34F0C4B7523D}.Debug|x86.Build.0 = Debug|Any CPU
		{C75AB651-05D9-4ECA-B424-34F0C4B7523D}.Release|Any CPU.ActiveCfg = Release|Any CPU
		{C75AB651-05D9-4ECA-B424-34F0C4B7523D}.Release|Any CPU.Build.0 = Release|Any CPU
		{C75AB651-05D9-4ECA-B424-34F0C4B7523D}.Release|ARM.ActiveCfg = Release|Any CPU
		{C75AB651-05D9-4ECA-B424-34F0C4B7523D}.Release|ARM.Build.0 = Release|Any CPU
		{C75AB651-05D9-4ECA-B424-34F0C4B7523D}.Release|iPhone.ActiveCfg = Release|Any CPU
		{C75AB651-05D9-4ECA-B424-34F0C4B7523D}.Release|iPhone.Build.0 = Release|Any CPU
		{C75AB651-05D9-4ECA-B424-34F0C4B7523D}.Release|iPhoneSimulator.ActiveCfg = Release|Any CPU
		{C75AB651-05D9-4ECA-B424-34F0C4B7523D}.Release|iPhoneSimulator.Build.0 = Release|Any CPU
		{C75AB651-05D9-4ECA-B424-34F0C4B7523D}.Release|x64.ActiveCfg = Release|Any CPU
		{C75AB651-05D9-4ECA-B424-34F0C4B7523D}.Release|x64.Build.0 = Release|Any CPU
		{C75AB651-05D9-4ECA-B424-34F0C4B7523D}.Release|x86.ActiveCfg = Release|Any CPU
		{C75AB651-05D9-4ECA-B424-34F0C4B7523D}.Release|x86.Build.0 = Release|Any CPU
	EndGlobalSection
	GlobalSection(SolutionProperties) = preSolution
		HideSolutionNode = FALSE
	EndGlobalSection
	GlobalSection(ExtensibilityGlobals) = postSolution
		SolutionGuid = {89744954-D841-4DE9-801F-7EA96B78C459}
	EndGlobalSection
EndGlobal
